
Microsoft Visual Studio Solution File, Format Version 12.00
# Visual Studio Version 16
VisualStudioVersion = 16.0.810.25
MinimumVisualStudioVersion = 10.0.40219.1
Project("{FAE04EC0-301F-11D3-BF4B-00C04F79EFBC}") = "LineApp", "Benchmarking\LineApp\LineApp.csproj", "{4B0FC57D-BE96-4E1B-BDF8-B8A750A47A4A}"
EndProject
Project("{FAE04EC0-301F-11D3-BF4B-00C04F79EFBC}") = "Functional", "Testing\Functional\Functional.csproj", "{D6330B86-46DA-4E9B-9DFF-F63B499DF3EB}"
EndProject
Project("{FAE04EC0-301F-11D3-BF4B-00C04F79EFBC}") = "SearchApp", "Benchmarking\SearchApp\SearchApp.csproj", "{03A9350E-67F4-4324-8187-B840501C5233}"
EndProject
Project("{2150E333-8FDC-42A3-9474-1A3956D46DE8}") = "Solution Items", "Solution Items", "{D56217B2-6E67-4152-B302-8597AB9BE1B5}"
EndProject
Project("{FAE04EC0-301F-11D3-BF4B-00C04F79EFBC}") = "DuplicateApp", "Benchmarking\DuplicateApp\DuplicateApp.csproj", "{1129842F-A6CC-44E6-AF1E-4465F54B1FDB}"
EndProject
Project("{FAE04EC0-301F-11D3-BF4B-00C04F79EFBC}") = "Gigantor", "Gigantor\Gigantor.csproj", "{5B2906BF-DA91-4C30-9B30-B2360EFA3927}"
EndProject
Project("{FAE04EC0-301F-11D3-BF4B-00C04F79EFBC}") = "Nuget", "Testing\Nuget\Nuget.csproj", "{08563A37-E636-408C-8499-DBF9353F1D60}"
EndProject
Project("{FAE04EC0-301F-11D3-BF4B-00C04F79EFBC}") = "Benchmarks", "Benchmarking\Tests\Benchmarks.csproj", "{EB296B88-62C1-4469-8B8B-427DD6535212}"
EndProject
Global
	GlobalSection(SolutionConfigurationPlatforms) = preSolution
		Debug|Any CPU = Debug|Any CPU
		Release|Any CPU = Release|Any CPU
	EndGlobalSection
	GlobalSection(ProjectConfigurationPlatforms) = postSolution
		{4B0FC57D-BE96-4E1B-BDF8-B8A750A47A4A}.Debug|Any CPU.ActiveCfg = Debug|Any CPU
		{4B0FC57D-BE96-4E1B-BDF8-B8A750A47A4A}.Debug|Any CPU.Build.0 = Debug|Any CPU
		{4B0FC57D-BE96-4E1B-BDF8-B8A750A47A4A}.Release|Any CPU.ActiveCfg = Release|Any CPU
		{4B0FC57D-BE96-4E1B-BDF8-B8A750A47A4A}.Release|Any CPU.Build.0 = Release|Any CPU
		{D6330B86-46DA-4E9B-9DFF-F63B499DF3EB}.Debug|Any CPU.ActiveCfg = Debug|Any CPU
		{D6330B86-46DA-4E9B-9DFF-F63B499DF3EB}.Debug|Any CPU.Build.0 = Debug|Any CPU
		{D6330B86-46DA-4E9B-9DFF-F63B499DF3EB}.Release|Any CPU.ActiveCfg = Release|Any CPU
		{D6330B86-46DA-4E9B-9DFF-F63B499DF3EB}.Release|Any CPU.Build.0 = Release|Any CPU
		{03A9350E-67F4-4324-8187-B840501C5233}.Debug|Any CPU.ActiveCfg = Debug|Any CPU
		{03A9350E-67F4-4324-8187-B840501C5233}.Debug|Any CPU.Build.0 = Debug|Any CPU
		{03A9350E-67F4-4324-8187-B840501C5233}.Release|Any CPU.ActiveCfg = Release|Any CPU
		{03A9350E-67F4-4324-8187-B840501C5233}.Release|Any CPU.Build.0 = Release|Any CPU
		{1129842F-A6CC-44E6-AF1E-4465F54B1FDB}.Debug|Any CPU.ActiveCfg = Debug|Any CPU
		{1129842F-A6CC-44E6-AF1E-4465F54B1FDB}.Debug|Any CPU.Build.0 = Debug|Any CPU
		{1129842F-A6CC-44E6-AF1E-4465F54B1FDB}.Release|Any CPU.ActiveCfg = Release|Any CPU
		{1129842F-A6CC-44E6-AF1E-4465F54B1FDB}.Release|Any CPU.Build.0 = Release|Any CPU
		{5B2906BF-DA91-4C30-9B30-B2360EFA3927}.Debug|Any CPU.ActiveCfg = Debug|Any CPU
		{5B2906BF-DA91-4C30-9B30-B2360EFA3927}.Debug|Any CPU.Build.0 = Debug|Any CPU
		{5B2906BF-DA91-4C30-9B30-B2360EFA3927}.Release|Any CPU.ActiveCfg = Release|Any CPU
		{5B2906BF-DA91-4C30-9B30-B2360EFA3927}.Release|Any CPU.Build.0 = Release|Any CPU
		{08563A37-E636-408C-8499-DBF9353F1D60}.Debug|Any CPU.ActiveCfg = Debug|Any CPU
		{08563A37-E636-408C-8499-DBF9353F1D60}.Debug|Any CPU.Build.0 = Debug|Any CPU
		{08563A37-E636-408C-8499-DBF9353F1D60}.Release|Any CPU.ActiveCfg = Release|Any CPU
		{08563A37-E636-408C-8499-DBF9353F1D60}.Release|Any CPU.Build.0 = Release|Any CPU
		{EB296B88-62C1-4469-8B8B-427DD6535212}.Debug|Any CPU.ActiveCfg = Debug|Any CPU
		{EB296B88-62C1-4469-8B8B-427DD6535212}.Debug|Any CPU.Build.0 = Debug|Any CPU
		{EB296B88-62C1-4469-8B8B-427DD6535212}.Release|Any CPU.ActiveCfg = Release|Any CPU
		{EB296B88-62C1-4469-8B8B-427DD6535212}.Release|Any CPU.Build.0 = Release|Any CPU
	EndGlobalSection
	GlobalSection(SolutionProperties) = preSolution
		HideSolutionNode = FALSE
	EndGlobalSection
	GlobalSection(ExtensibilityGlobals) = postSolution
		SolutionGuid = {813C817A-48FC-4B15-80B2-9E887ECCF1A4}
	EndGlobalSection
	GlobalSection(MonoDevelopProperties) = preSolution
		Policies = $0
		$0.DotNetNamingPolicy = $1
		$1.DirectoryNamespaceAssociation = PrefixedHierarchical
		$0.TextStylePolicy = $2
		$2.FileWidth = 80
		$2.TabsToSpaces = True
		$2.scope = text/x-csharp
		$0.CSharpFormattingPolicy = $3
		$3.NewLinesForBracesInTypes = False
		$3.NewLinesForBracesInProperties = False
		$3.NewLinesForBracesInAccessors = False
		$3.NewLinesForBracesInControlBlocks = False
		$3.scope = text/x-csharp
		$0.TextStylePolicy = $4
		$4.FileWidth = 80
		$4.TabsToSpaces = True
		$4.scope = text/plain
		$0.StandardHeader = $5
		$5.IncludeInNewFiles = False
		$0.VersionControlPolicy = $6
	EndGlobalSection
EndGlobal
